// !$*UTF8*$!
{
	archiveVersion = 1;
	classes = {};
	objectVersion = 56;
	objects = {

/* Begin PBXBuildFile section */
		D634FB1F07406661AEA24569 = {isa = PBXBuildFile; fileRef = 53739BE805EF8C5E3C750DE6; };
		8C0934D2A524630007CFD67D = {isa = PBXBuildFile; fileRef = FE974CC9A40D9CBF38364D10; };
		19BB1BBB47E190BF27ED9697 = {isa = PBXBuildFile; fileRef = 0BE3D801D5E2461B22E6B2B6; };
		0CD764F490D33446C8149FBC = {isa = PBXBuildFile; fileRef = DBE6B34605649ADAC242882C; };
		1B2CC43746839990603636A6 = {isa = PBXBuildFile; fileRef = 0AAAFC6CF978A335CC6C9205; };
		2EA5239180F77D4E130DFE98 = {isa = PBXBuildFile; fileRef = E3EEBD16098D3E7F20482DB9; };
		D73F283FFB79A33B1E22C33F = {isa = PBXBuildFile; fileRef = 8FD92CE1ECCD2B456E33AA61; };
		8606E855FF730039076CDDFC = {isa = PBXBuildFile; fileRef = D7A2ABB9B229A5301DE4926B; };
		A49875EF487A92A2CEF47E48 = {isa = PBXBuildFile; fileRef = B4BCD56A69CCFCB094FD21B0; };
		FEEB1D566F42311B655A575D = {isa = PBXBuildFile; fileRef = A677535E2AE35784097B6622; };
		51BB8FAAF3052DD9E91EBC93 = {isa = PBXBuildFile; fileRef = 3533E250DB53CC8E4F07D9FD; };
		EC23924697C8F7E9F8F94163 = {isa = PBXBuildFile; fileRef = 9A1C65099C15F36DB6E76B0D; };
		C9C6FD66C792EB34A3BFCFC4 = {isa = PBXBuildFile; fileRef = F685F1D11C5F8B7BA83AC035; };
		44C4C13536F6E474D2E0C82B = {isa = PBXBuildFile; fileRef = 940672CD3228734428E350C2; };
		D95AEC1356196726F15C834E = {isa = PBXBuildFile; fileRef = F222983AEF3612E748F99317; };
		A152EE7F2F615D47FA5860BA = {isa = PBXBuildFile; fileRef = 5712C5BE2C842801098F3BC8; };
		4D5389937DFFF3BD1C67B4BB = {isa = PBXBuildFile; fileRef = 57CD9F7317FD50A82DCF626D; };
		D4435EA9ECE555F30C5BF71D = {isa = PBXBuildFile; fileRef = 35826758B56FECCFB12DD5DF; };
		489990898DAC6C0085DDDE0D = {isa = PBXBuildFile; fileRef = 7EB0892C704DBD20D6C8F7DD; };
		55DAF5C8C193C9C03F6F1A8E = {isa = PBXBuildFile; fileRef = B91F60593B3D93336AEB9D94; };
		20E2F8AE56085D1C524B1676 = {isa = PBXBuildFile; fileRef = 957706B1502D4F9E2E95B630; };
		6DF7A7EF4AEE2663872A07C8 = {isa = PBXBuildFile; fileRef = 5D384C17F7107D0EFE733198; };
		F250982F3D931A3553547CA3 = {isa = PBXBuildFile; fileRef = E49CD9785D00E23BE27E4710; };
		A83CB97422910821C8EB2FDD = {isa = PBXBuildFile; fileRef = 7FB029A168174E492902D89A; };
		924397DDF452D82BFFF1006C = {isa = PBXBuildFile; fileRef = FFD5F8111C8D826BCF4DCFBD; };
		D8BF38E2451F97859A410BB7 = {isa = PBXBuildFile; fileRef = BAA58CE86252970F205AE819; };
		D7935C63743319F78C540479 = {isa = PBXBuildFile; fileRef = 0F8A8D6D2431979C138C5810; };
		4CAE5E71AB247DAFCE3085A4 = {isa = PBXBuildFile; fileRef = 793769AAD730A1719AE514EA; };
		47101913D83863F72396B2FF = {isa = PBXBuildFile; fileRef = 3B8461338CCD999E7747BAE9; };
		1803DC2BBE6742C8E0CD000C = {isa = PBXBuildFile; fileRef = A06ACB84056AF6621EFBF917; };
		6BA292A15E954C07817970C9 = {isa = PBXBuildFile; fileRef = D3330DEE581E8F3D519EAF5A; };
		6F10FD0374A1639EDA2DE8FD = {isa = PBXBuildFile; fileRef = 548DFC1CBFD78E53489219C6; };
		97B4B64BF89473405F33FD9C = {isa = PBXBuildFile; fileRef = BAA4393ACD1EB3732B2F3413; };
		FFC72BA09B423650DAB329BA = {isa = PBXBuildFile; fileRef = 3FCF14DC441FC2E3A24348FA; };
		76C991FFCF5717B59F5E6053 = {isa = PBXBuildFile; fileRef = D9079CA9996852AA988DD13D; };
		0FAC11EB95A63717A6BC4A84 = {isa = PBXBuildFile; fileRef = 0A3E51DDC2C04C188D80FF5F; };
		0606AE54C0473A6794D613CA = {isa = PBXBuildFile; fileRef = 5907FDE75F7E0C3C222E63DE; };
		1687049685EA23DF5EE294E7 = {isa = PBXBuildFile; fileRef = 9D6669FB26633F3E5E9A3980; };
		5C4A3C41170A5B86CF298559 = {isa = PBXBuildFile; fileRef = CA48FB5D03AA5F9E5577CADA; };
		ADD1E54E143EF09C6698E370 = {isa = PBXBuildFile; fileRef = 63F35835FD0032432D3E4FC1; };
		E77F20DF85F9B5BAE11E8643 = {isa = PBXBuildFile; fileRef = 2DFFFBB2653F2B662E98C33E; };
		14612205C2BD9741DC3F09C6 = {isa = PBXBuildFile; fileRef = FC22A28C67DA716A730D0BB7; };
		29B06731758AACD8C1362E80 = {isa = PBXBuildFile; fileRef = F0CBDD11D6B74248EEA8F76D; };
		A53592E0EF3E82755934EC54 = {isa = PBXBuildFile; fileRef = 9AE99C5A711BEC2CF2553C97; };
		187055CB46241AB7847C9B81 = {isa = PBXBuildFile; fileRef = F4DEE3F3DE4D1DBED40239ED; };
		1F2B086BC272C58F0942A757 = {isa = PBXBuildFile; fileRef = BAC104B466A734FD7986A780; };
		A9FEAD6D10735B07EA5775FE = {isa = PBXBuildFile; fileRef = EA2C71A7736AA425E387159B; };
		49138DB0F96086DC775E5354 = {isa = PBXBuildFile; fileRef = 406989EA27AE38819E467884; };
		6CA7FF918428598F5619A539 = {isa = PBXBuildFile; fileRef = ED2B7F5435DEA4C92C8221A4; };
		BEC3F9A839113F93E9C7CE95 = {isa = PBXBuildFile; fileRef = CF331818BA2CFAFA413FEDF2; };
		3967E1BDDB9D212682E67040 = {isa = PBXBuildFile; fileRef = 2D580761DBE891BF9031519A; };
		CD883814BAC63938C54A49F0 = {isa = PBXBuildFile; fileRef = FFAB4F9838FA49A76E9434CA; };
		B6E176781AE9B2D6C7952769 = {isa = PBXBuildFile; fileRef = 063AC80CA38B1C8C65187188; };
		3914FD7D7741DF29198E4F50 = {isa = PBXBuildFile; fileRef = E968383FFC6924C7BAFDD7D6; };
		B965A435AB96E50A6FA64C4D = {isa = PBXBuildFile; fileRef = A4255778FD3F1D516AB06F4C; };
		F2F2CEA34E9B9D28555B6344 = {isa = PBXBuildFile; fileRef = 12BA18CFF5C94644BE4A133F; };
		5397ABDD81C8F789A15982E2 = {isa = PBXBuildFile; fileRef = AB57A06E397E24B92514DF01; };
		86E1D99718A3F02588362384 = {isa = PBXBuildFile; fileRef = 496A8531B8655EED753B4CE3; };
		36C37EFFAB373E9FC2C4E1E3 = {isa = PBXBuildFile; fileRef = A0E7BB0DD1B1A03006A73CEC; };
		1C635A8807C7D4F2BE538734 = {isa = PBXBuildFile; fileRef = 7182642BFA2A6E7A3EF445B1; };
		70C89921024B5C3B94C13525 = {isa = PBXBuildFile; fileRef = 0298EA4ED80A3EB77F10D92A; };
		EB711682B6BE63206494B8A6 = {isa = PBXBuildFile; fileRef = F846D49D14D4668CB7CBDBE1; };
		3600A5013AD865D0E503639C = {isa = PBXBuildFile; fileRef = D41B0D2BD853C7719AD25629; };
		E51B038D52FF22937FB80705 = {isa = PBXBuildFile; fileRef = 49115B9B7B3E0141072F2D5A; };
		705E292BF1A6AE09003BC0BB = {isa = PBXBuildFile; fileRef = F2EBE5AF06194BF640F0B42A; };
		5E383F84C8EC28C1DB8AAE25 = {isa = PBXBuildFile; fileRef = 1FEDC247B8203D22C2216AC8; };
		D2D3A92C747255EF9A81386F = {isa = PBXBuildFile; fileRef = 6E1E6D35EDBE4B4E6560BA5F; };
		19B8C8AE2E109A4D2C4C7B92 = {isa = PBXBuildFile; fileRef = DFFC8F4C71F3874CCF8170C3; };
		ED63587D91F6EB3422CA3CFD = {isa = PBXBuildFile; fileRef = 2A137391E98CCE50AA7A84F5; };
		06B2C8E3006EFB462944AB44 = {isa = PBXBuildFile; fileRef = B37FD20EAA1882A85341A449; };
		40AC368DE8DD500D5233C62A = {isa = PBXBuildFile; fileRef = 9DA51F171F16C7EE7A43B730; };
		50B523998BDE8F012C6B5B83 = {isa = PBXBuildFile; fileRef = 2C586BCECC82EAD38172258F; };
		86702802359F46507DD6D79F = {isa = PBXBuildFile; fileRef = 046B6C71B2EC4B12CA944C7B; };
		A9B90CD902F252ABBA948858 = {isa = PBXBuildFile; fileRef = 4994149C3CB4BA562BB1B758; };
		52625B3A5562B0B7E59DA82B = {isa = PBXBuildFile; fileRef = 98F4EA0A7954F00960970DA4; };
		CA0E494F01C3248715A423D1 = {isa = PBXBuildFile; fileRef = 55FEC4FD0BAA6D97E28D5E33; };
		EA0521AF13C65E760E3B8241 = {isa = PBXBuildFile; fileRef = 6203C81B53FD289687169B93; };
		F6FB398F3437473ABB560CDA = {isa = PBXBuildFile; fileRef = 96CCB4C62781512B0E65779F; };
		F1D61C2271ADADE13A8F2310 = {isa = PBXBuildFile; fileRef = F004B6FBB863E414E1AF65CE; };
		51791FB6385756C76EABAE08 = {isa = PBXBuildFile; fileRef = CF700B7141425CD026E01282; };
		881B10D079B92C2F79D4DA54 = {isa = PBXBuildFile; fileRef = B1EC9C0DE999A883C87E654F; };
		F0FDB52E8DDFA06A0CFF4649 = {isa = PBXBuildFile; fileRef = F53EB5B82F139EFCE5DA6171; };
		F705D6DD829424CBEC866119 = {isa = PBXBuildFile; fileRef = 7A68E7B2EBD1EBC5B1618F05; };
		8D3B9D91A4EF135FF106C467 = {isa = PBXBuildFile; fileRef = 5EC0954A74CA49C48DF857A5; };
		45B5769023785956DC596298 = {isa = PBXBuildFile; fileRef = AD90AD5562244932DE03BF0E; };
		9049D5C65793DEC8A3EB7DDC = {isa = PBXBuildFile; fileRef = 1269FCFC464FA9A29B45A46E; };
		75BA619018DAF2DA72A74D9F = {isa = PBXBuildFile; fileRef = 3AA53B6BB2A19D223177451A; };
		B618005E968A6AD84C8000AF = {isa = PBXBuildFile; fileRef = 934C323715DA0A7A4F1A3222; };
		DFBD2E86B86D3AAF23B8EF27 = {isa = PBXBuildFile; fileRef = 58747E0A3469C16DF1609429; };
		2A87866FF6D52A12485E5B63 = {isa = PBXBuildFile; fileRef = 23FD7DA3FFAF92C2175F9461; };
		C8D6EF6E8ECCAF88FBA6D046 = {isa = PBXBuildFile; fileRef = 6C88D8C0CCE7C64E62B4435A; };
		D3710A8E8B9AF91531389B84 = {isa = PBXBuildFile; fileRef = 609D7C7D736C75864126B8D2; };
		A2FFFC26484655CFD858169B = {isa = PBXBuildFile; fileRef = DF61E8404BB59964F2E5F0E3; };
		C4383DB1B69AC073C7544967 = {isa = PBXBuildFile; fileRef = 3C420E3FEB304391BF44BB7B; };
		708D27ED098C3DEDAB5612B6 = {isa = PBXBuildFile; fileRef = EC2B4CCCD2BC27884A735175; };
		ACCF755F1B37FBFC1A909D67 = {isa = PBXBuildFile; fileRef = C30C5E8E87277A7BEE4FBD9F; };
		B588202CED89B356604A7F5E = {isa = PBXBuildFile; fileRef = 5F9001A8C24AA413302005D5; };
		62715958867D3D4B1D21F506 = {isa = PBXBuildFile; fileRef = 26F51C1AADE6FAB86EE58C2D; };
		4665ADEA6F325262972DB701 = {isa = PBXBuildFile; fileRef = 7290B19BE8B5443A8042DEB8; };
		4125710DCF44C2B0893D80DE = {isa = PBXBuildFile; fileRef = E9FB4EA52D13803E104FF848; };
		E75D839B0A4ED5713094E702 = {isa = PBXBuildFile; fileRef = 45B6EF68CD2065F2730422D0; };
		16121BC22F55CE5B26C047A1 = {isa = PBXBuildFile; fileRef = B5DB5990131ED88A7182FE7A; };
		A431967D61C1F08546AAA4F0 = {isa = PBXBuildFile; fileRef = E35AE04E9F765B44838133D1; };
		C4240F4ED4165D058B08E2C4 = {isa = PBXBuildFile; fileRef = 6015DF7BE19D56EC487BAEE7; };
		80E89BE1D310BBF6E2342E0C = {isa = PBXBuildFile; fileRef = 22EADE926DF4B91BA6A1DCBC; };
		EB312833880C6946FA71EEDD = {isa = PBXBuildFile; fileRef = 8B1722E2995E252ECB9FA1D5; };
		AE281054F2CC8BC0E5EF7A50 = {isa = PBXBuildFile; fileRef = 55278917623E661BC94B755E; };
		3DB4A7D6A08324EBF80DAD36 = {isa = PBXBuildFile; fileRef = 3BCCAF7929D4AC2E9EB0EE41; };
		EE7210DC1805F6C0872BC939 = {isa = PBXBuildFile; fileRef = 0727989814C08F552766FCE5; };
		D33F324E31E4D9D83BE4483E = {isa = PBXBuildFile; fileRef = 5D2FA4E79839E516E641E72A; };
		FF28583061608E5504440760 = {isa = PBXBuildFile; fileRef = 9469E08F652E3ECAF56CEC93; };
		634CE4FE840C554E20F7D277 = {isa = PBXBuildFile; fileRef = AA7C0E181A1ACAA07473854F; };
		AF3CF985745C608589D716AC = {isa = PBXBuildFile; fileRef = 72AA7CDE131FA18151B14AA7; };
		1068A10FC6B18DCDDE52F06E = {isa = PBXBuildFile; fileRef = 8835B9706C697A6537D0C200; };
		8FA4A938BFDAA80DD6E2EC34 = {isa = PBXBuildFile; fileRef = 692A3E6813D0ABC889A96D27; };
		1AEDDD81D45AA1012A605A96 = {isa = PBXBuildFile; fileRef = 152BBB5DDEED96CE9B166D76; };
		E2730F4B1E1D363E126A26A8 = {isa = PBXBuildFile; fileRef = 1F100467E242E443B93ACD77; };
		D5B4654F6BE4B772F23876A0 = {isa = PBXBuildFile; fileRef = A3E296E8A8674A61BEDEDFE8; };
		B9BFA339E2E88435929085BC = {isa = PBXBuildFile; fileRef = 52B01F404A741AC08306C921; };
		A2C0F08BF0EEE7D4EC85778A = {isa = PBXBuildFile; fileRef = 6BE316A630C3697251FA83A8; };
		22D2EA4B54B1A46B531D2DA3 = {isa = PBXBuildFile; fileRef = 09E9D59CCBB31F053DA2BF89; };
		3D5D979D4172E41389573D0D = {isa = PBXBuildFile; fileRef = 4BEEFD6B9CAAC17105BACE74; };
		C6ED60D4582989147594FBEE = {isa = PBXBuildFile; fileRef = E619F7E1A40785B485E8B234; };
		7E72933C3545E359B6D0C066 = {isa = PBXBuildFile; fileRef = 4A2458027908C835412B6F11; };
		157873082C4314596C51F67D = {isa = PBXBuildFile; fileRef = CB32973FF6828BE27BC5AE1C; };
		98C18A11A40B0AE418AB3FB0 = {isa = PBXBuildFile; fileRef = 67ECCD1906A7892F17D4F88D; };
		9886CA6FA576212DD9584517 = {isa = PBXBuildFile; fileRef = 4185F265BF49546D88EEFB7D; };
		EE43D85D800EBB783558BDCC = {isa = PBXBuildFile; fileRef = D3DD97ADCA3DF7395E8A458F; };
		3FDE191548C55C8B9BD9D933 = {isa = PBXBuildFile; fileRef = 0372A6B7EBDD543EB8BF6528; };
		5757A461C8DFD6DDFADD96A6 = {isa = PBXBuildFile; fileRef = 11BAC14423C6EEF53D9B5DFC; };
		73072086EE5B9C77B28C2FD6 = {isa = PBXBuildFile; fileRef = F6A902266C5DEDBA332DEED7; };
		321B76466915F5A16C7CB10C = {isa = PBXBuildFile; fileRef = AD1B78F19A3AFAE706C7E976; };
		3C87162F4F051B025E01DF55 = {isa = PBXBuildFile; fileRef = C92F374FCB1504FE87A73CDE; };
		8CEDEDFC0DD0F0A46CA61780 = {isa = PBXBuildFile; fileRef = C7C28D7EBE63EE5ACA85D4D6; };
		E691D6014644E8B9249599D9 = {isa = PBXBuildFile; fileRef = 4F480F9F9913650316AE92DF; };
		37277DCE7188779F8DF2C998 = {isa = PBXBuildFile; fileRef = 2B384C1094B9A68FB608EA80; };
		27200705C9D717734D557537 = {isa = PBXBuildFile; fileRef = AB775BB756A875E2E58F504F; };
		A501DC0295F89031FD6A5F2B = {isa = PBXBuildFile; fileRef = E5CE9548EED9B693298F06D9; };
		726AA2573D7438F27357E170 = {isa = PBXBuildFile; fileRef = 26543903C0EF18278978782E; };
		8B100A4A6A08AE76750AB747 = {isa = PBXBuildFile; fileRef = 0554A5A297880D5CCC5B048F; };
		4B9A6C5A8DA86D173B211F37 = {isa = PBXBuildFile; fileRef = 7F6B93D8C15088CF24A876D2; };
		06076A6DB9050C11EDF635D3 = {isa = PBXBuildFile; fileRef = 0E44E6696464499369DF7AFC; };
		30871166680E52097765E99E = {isa = PBXBuildFile; fileRef = DA1C88A5832AA6AB8F1093D4; };
		70802DC999BBECB8BCC571B5 = {isa = PBXBuildFile; fileRef = ECFDF5EE31FFA474A0A06375; };
		5AE2C1A1FCB95CDCF4B83744 = {isa = PBXBuildFile; fileRef = 542197BE2CA99D5F88C7E62C; };
		0A37B9F997E2C5216DF31A51 = {isa = PBXBuildFile; fileRef = 9EFC197353130C815DC6CE6B; };
/* End PBXBuildFile section */

/* Begin PBXContainerItemProxy section */
		9BDA5DA8208C58773FE46CDB = {
			isa = PBXContainerItemProxy;
			containerPortal = 46F86FAA6BBF9AC94A7E4595;
			proxyType = 1;
			remoteGlobalIDString = 6439CF22188FA14BBD363342;
			remoteInfo = SleepAnalyser;
		};
/* End PBXContainerItemProxy section */

/* Begin PBXFileReference section */
		CE29BE284D8E7CDFA377A125 = {isa = PBXFileReference; explicitFileType = wrapper.application; includeInIndex = 0; path = SleepAnalyser.app; sourceTree = BUILT_PRODUCTS_DIR; };
		009563950D464DFEFC18EBED = {isa = PBXFileReference; explicitFileType = wrapper.cfbundle; includeInIndex = 0; path = SleepAnalyserTests.xctest; sourceTree = BUILT_PRODUCTS_DIR; };
		448B690A40FD63CC72850FFB = {isa = PBXFileReference; lastKnownFileType = text.plist.xml; path = Info.plist; sourceTree = "<group>"; };
		D7A2ABB9B229A5301DE4926B = {isa = PBXFileReference; lastKnownFileType = sourcecode.swift; path = "AppState.swift"; sourceTree = "<group>"; };
		B4BCD56A69CCFCB094FD21B0 = {isa = PBXFileReference; lastKnownFileType = sourcecode.swift; path = "SleepAnalyserApp.swift"; sourceTree = "<group>"; };
		A677535E2AE35784097B6622 = {isa = PBXFileReference; lastKnownFileType = sourcecode.swift; path = "NoiseSeparatorBridge.swift"; sourceTree = "<group>"; };
		A56C504FE6B614194C578D3D = {isa = PBXFileReference; lastKnownFileType = sourcecode.c.h; path = "noise_separator_bridge.h"; sourceTree = "<group>"; };
		3533E250DB53CC8E4F07D9FD = {isa = PBXFileReference; lastKnownFileType = sourcecode.c.c; path = "noise_separator.c"; sourceTree = "<group>"; };
		4C73DCE8B313EC5F89C4A52E = {isa = PBXFileReference; lastKnownFileType = sourcecode.c.h; path = "noise_separator.h"; sourceTree = "<group>"; };
		9A1C65099C15F36DB6E76B0D = {isa = PBXFileReference; lastKnownFileType = sourcecode.swift; path = "AVAudioCaptureService.swift"; sourceTree = "<group>"; };
		F685F1D11C5F8B7BA83AC035 = {isa = PBXFileReference; lastKnownFileType = sourcecode.swift; path = "AVAudioInputDeviceManager.swift"; sourceTree = "<group>"; };
		940672CD3228734428E350C2 = {isa = PBXFileReference; lastKnownFileType = sourcecode.swift; path = "AudioTapBufferBridge.swift"; sourceTree = "<group>"; };
		F222983AEF3612E748F99317 = {isa = PBXFileReference; lastKnownFileType = sourcecode.swift; path = "AGCNormalizer.swift"; sourceTree = "<group>"; };
		5712C5BE2C842801098F3BC8 = {isa = PBXFileReference; lastKnownFileType = sourcecode.swift; path = "AudioPreprocessor.swift"; sourceTree = "<group>"; };
		57CD9F7317FD50A82DCF626D = {isa = PBXFileReference; lastKnownFileType = sourcecode.swift; path = "BandpassBreathFilter.swift"; sourceTree = "<group>"; };
		35826758B56FECCFB12DD5DF = {isa = PBXFileReference; lastKnownFileType = sourcecode.swift; path = "BreathingRhythmEstimator.swift"; sourceTree = "<group>"; };
		7EB0892C704DBD20D6C8F7DD = {isa = PBXFileReference; lastKnownFileType = sourcecode.swift; path = "NoiseSuppressor.swift"; sourceTree = "<group>"; };
		B91F60593B3D93336AEB9D94 = {isa = PBXFileReference; lastKnownFileType = sourcecode.swift; path = "SpectralFeatureExtractor.swift"; sourceTree = "<group>"; };
		957706B1502D4F9E2E95B630 = {isa = PBXFileReference; lastKnownFileType = sourcecode.swift; path = "DisturbanceDetector.swift"; sourceTree = "<group>"; };
		5D384C17F7107D0EFE733198 = {isa = PBXFileReference; lastKnownFileType = sourcecode.swift; path = "OutOfBedDetector.swift"; sourceTree = "<group>"; };
		E49CD9785D00E23BE27E4710 = {isa = PBXFileReference; lastKnownFileType = sourcecode.swift; path = "SnoreDetector.swift"; sourceTree = "<group>"; };
		7FB029A168174E492902D89A = {isa = PBXFileReference; lastKnownFileType = sourcecode.swift; path = "SpeechTVDetector.swift"; sourceTree = "<group>"; };
		FFD5F8111C8D826BCF4DCFBD = {isa = PBXFileReference; lastKnownFileType = sourcecode.swift; path = "AudioPipelineCoordinator.swift"; sourceTree = "<group>"; };
		BAA58CE86252970F205AE819 = {isa = PBXFileReference; lastKnownFileType = sourcecode.swift; path = "PipelineMetrics.swift"; sourceTree = "<group>"; };
		0F8A8D6D2431979C138C5810 = {isa = PBXFileReference; lastKnownFileType = sourcecode.swift; path = "RingBuffer.swift"; sourceTree = "<group>"; };
		793769AAD730A1719AE514EA = {isa = PBXFileReference; lastKnownFileType = sourcecode.swift; path = "AudioPlayerService.swift"; sourceTree = "<group>"; };
		3B8461338CCD999E7747BAE9 = {isa = PBXFileReference; lastKnownFileType = sourcecode.swift; path = "AudioRecordingManager.swift"; sourceTree = "<group>"; };
		A06ACB84056AF6621EFBF917 = {isa = PBXFileReference; lastKnownFileType = sourcecode.swift; path = "NoiseCaptureRecorder.swift"; sourceTree = "<group>"; };
		D3330DEE581E8F3D519EAF5A = {isa = PBXFileReference; lastKnownFileType = sourcecode.swift; path = "FeatureVectorDTO.swift"; sourceTree = "<group>"; };
		548DFC1CBFD78E53489219C6 = {isa = PBXFileReference; lastKnownFileType = sourcecode.swift; path = "InferenceOutputDTO.swift"; sourceTree = "<group>"; };
		BAA4393ACD1EB3732B2F3413 = {isa = PBXFileReference; lastKnownFileType = sourcecode.swift; path = "EventMapper.swift"; sourceTree = "<group>"; };
		3FCF14DC441FC2E3A24348FA = {isa = PBXFileReference; lastKnownFileType = sourcecode.swift; path = "SleepSessionMapper.swift"; sourceTree = "<group>"; };
		D9079CA9996852AA988DD13D = {isa = PBXFileReference; lastKnownFileType = sourcecode.swift; path = "UserProfileMapper.swift"; sourceTree = "<group>"; };
		0A3E51DDC2C04C188D80FF5F = {isa = PBXFileReference; lastKnownFileType = sourcecode.swift; path = "SDAudioEvent.swift"; sourceTree = "<group>"; };
		5907FDE75F7E0C3C222E63DE = {isa = PBXFileReference; lastKnownFileType = sourcecode.swift; path = "SDCalibration.swift"; sourceTree = "<group>"; };
		9D6669FB26633F3E5E9A3980 = {isa = PBXFileReference; lastKnownFileType = sourcecode.swift; path = "SDNoiseSegment.swift"; sourceTree = "<group>"; };
		CA48FB5D03AA5F9E5577CADA = {isa = PBXFileReference; lastKnownFileType = sourcecode.swift; path = "SDRoomProfile.swift"; sourceTree = "<group>"; };
		63F35835FD0032432D3E4FC1 = {isa = PBXFileReference; lastKnownFileType = sourcecode.swift; path = "SDSleepEpoch.swift"; sourceTree = "<group>"; };
		2DFFFBB2653F2B662E98C33E = {isa = PBXFileReference; lastKnownFileType = sourcecode.swift; path = "SDSleepSession.swift"; sourceTree = "<group>"; };
		FC22A28C67DA716A730D0BB7 = {isa = PBXFileReference; lastKnownFileType = sourcecode.swift; path = "SDUserProfile.swift"; sourceTree = "<group>"; };
		F0CBDD11D6B74248EEA8F76D = {isa = PBXFileReference; lastKnownFileType = sourcecode.swift; path = "PersistenceController.swift"; sourceTree = "<group>"; };
		9AE99C5A711BEC2CF2553C97 = {isa = PBXFileReference; lastKnownFileType = sourcecode.swift; path = "ProfileRepository.swift"; sourceTree = "<group>"; };
		F4DEE3F3DE4D1DBED40239ED = {isa = PBXFileReference; lastKnownFileType = sourcecode.swift; path = "ReportRepository.swift"; sourceTree = "<group>"; };
		BAC104B466A734FD7986A780 = {isa = PBXFileReference; lastKnownFileType = sourcecode.swift; path = "RoomRepository.swift"; sourceTree = "<group>"; };
		EA2C71A7736AA425E387159B = {isa = PBXFileReference; lastKnownFileType = sourcecode.swift; path = "SessionRepository.swift"; sourceTree = "<group>"; };
		406989EA27AE38819E467884 = {isa = PBXFileReference; lastKnownFileType = sourcecode.swift; path = "ConfidenceLevel.swift"; sourceTree = "<group>"; };
		ED2B7F5435DEA4C92C8221A4 = {isa = PBXFileReference; lastKnownFileType = sourcecode.swift; path = "DisturbanceSource.swift"; sourceTree = "<group>"; };
		CF331818BA2CFAFA413FEDF2 = {isa = PBXFileReference; lastKnownFileType = sourcecode.swift; path = "EventType.swift"; sourceTree = "<group>"; };
		2D580761DBE891BF9031519A = {isa = PBXFileReference; lastKnownFileType = sourcecode.swift; path = "SessionState.swift"; sourceTree = "<group>"; };
		FFAB4F9838FA49A76E9434CA = {isa = PBXFileReference; lastKnownFileType = sourcecode.swift; path = "SleepStage.swift"; sourceTree = "<group>"; };
		063AC80CA38B1C8C65187188 = {isa = PBXFileReference; lastKnownFileType = sourcecode.swift; path = "AcousticCalibration.swift"; sourceTree = "<group>"; };
		E968383FFC6924C7BAFDD7D6 = {isa = PBXFileReference; lastKnownFileType = sourcecode.swift; path = "AudioEvent.swift"; sourceTree = "<group>"; };
		A4255778FD3F1D516AB06F4C = {isa = PBXFileReference; lastKnownFileType = sourcecode.swift; path = "AudioFrame.swift"; sourceTree = "<group>"; };
		12BA18CFF5C94644BE4A133F = {isa = PBXFileReference; lastKnownFileType = sourcecode.swift; path = "AudioInputDevice.swift"; sourceTree = "<group>"; };
		AB57A06E397E24B92514DF01 = {isa = PBXFileReference; lastKnownFileType = sourcecode.swift; path = "BreathingSample.swift"; sourceTree = "<group>"; };
		496A8531B8655EED753B4CE3 = {isa = PBXFileReference; lastKnownFileType = sourcecode.swift; path = "FeatureVector.swift"; sourceTree = "<group>"; };
		A0E7BB0DD1B1A03006A73CEC = {isa = PBXFileReference; lastKnownFileType = sourcecode.swift; path = "MorningReport.swift"; sourceTree = "<group>"; };
		7182642BFA2A6E7A3EF445B1 = {isa = PBXFileReference; lastKnownFileType = sourcecode.swift; path = "NoiseSegment.swift"; sourceTree = "<group>"; };
		0298EA4ED80A3EB77F10D92A = {isa = PBXFileReference; lastKnownFileType = sourcecode.swift; path = "ProcessedFrame.swift"; sourceTree = "<group>"; };
		F846D49D14D4668CB7CBDBE1 = {isa = PBXFileReference; lastKnownFileType = sourcecode.swift; path = "RoomProfile.swift"; sourceTree = "<group>"; };
		D41B0D2BD853C7719AD25629 = {isa = PBXFileReference; lastKnownFileType = sourcecode.swift; path = "SleepEpoch.swift"; sourceTree = "<group>"; };
		49115B9B7B3E0141072F2D5A = {isa = PBXFileReference; lastKnownFileType = sourcecode.swift; path = "SleepScore.swift"; sourceTree = "<group>"; };
		F2EBE5AF06194BF640F0B42A = {isa = PBXFileReference; lastKnownFileType = sourcecode.swift; path = "SleepSession.swift"; sourceTree = "<group>"; };
		1FEDC247B8203D22C2216AC8 = {isa = PBXFileReference; lastKnownFileType = sourcecode.swift; path = "StagePrediction.swift"; sourceTree = "<group>"; };
		6E1E6D35EDBE4B4E6560BA5F = {isa = PBXFileReference; lastKnownFileType = sourcecode.swift; path = "TrendReport.swift"; sourceTree = "<group>"; };
		DFFC8F4C71F3874CCF8170C3 = {isa = PBXFileReference; lastKnownFileType = sourcecode.swift; path = "TrendSummary.swift"; sourceTree = "<group>"; };
		2A137391E98CCE50AA7A84F5 = {isa = PBXFileReference; lastKnownFileType = sourcecode.swift; path = "UserProfile.swift"; sourceTree = "<group>"; };
		B37FD20EAA1882A85341A449 = {isa = PBXFileReference; lastKnownFileType = sourcecode.swift; path = "AudioCaptureServiceProtocol.swift"; sourceTree = "<group>"; };
		9DA51F171F16C7EE7A43B730 = {isa = PBXFileReference; lastKnownFileType = sourcecode.swift; path = "AudioPreprocessorProtocol.swift"; sourceTree = "<group>"; };
		2C586BCECC82EAD38172258F = {isa = PBXFileReference; lastKnownFileType = sourcecode.swift; path = "ClockProtocol.swift"; sourceTree = "<group>"; };
		046B6C71B2EC4B12CA944C7B = {isa = PBXFileReference; lastKnownFileType = sourcecode.swift; path = "FeatureExtractorProtocol.swift"; sourceTree = "<group>"; };
		4994149C3CB4BA562BB1B758 = {isa = PBXFileReference; lastKnownFileType = sourcecode.swift; path = "ProfileRepositoryProtocol.swift"; sourceTree = "<group>"; };
		98F4EA0A7954F00960970DA4 = {isa = PBXFileReference; lastKnownFileType = sourcecode.swift; path = "ReportGeneratorProtocol.swift"; sourceTree = "<group>"; };
		55FEC4FD0BAA6D97E28D5E33 = {isa = PBXFileReference; lastKnownFileType = sourcecode.swift; path = "SessionRepositoryProtocol.swift"; sourceTree = "<group>"; };
		6203C81B53FD289687169B93 = {isa = PBXFileReference; lastKnownFileType = sourcecode.swift; path = "SleepInferenceEngineProtocol.swift"; sourceTree = "<group>"; };
		96CCB4C62781512B0E65779F = {isa = PBXFileReference; lastKnownFileType = sourcecode.swift; path = "SleepStagePostProcessorProtocol.swift"; sourceTree = "<group>"; };
		F004B6FBB863E414E1AF65CE = {isa = PBXFileReference; lastKnownFileType = sourcecode.swift; path = "CalibrateRoomAcousticsUseCase.swift"; sourceTree = "<group>"; };
		CF700B7141425CD026E01282 = {isa = PBXFileReference; lastKnownFileType = sourcecode.swift; path = "GenerateMorningReportUseCase.swift"; sourceTree = "<group>"; };
		B1EC9C0DE999A883C87E654F = {isa = PBXFileReference; lastKnownFileType = sourcecode.swift; path = "GenerateTrendReportUseCase.swift"; sourceTree = "<group>"; };
		F53EB5B82F139EFCE5DA6171 = {isa = PBXFileReference; lastKnownFileType = sourcecode.swift; path = "ProcessAudioFrameUseCase.swift"; sourceTree = "<group>"; };
		7A68E7B2EBD1EBC5B1618F05 = {isa = PBXFileReference; lastKnownFileType = sourcecode.swift; path = "StartSleepSessionUseCase.swift"; sourceTree = "<group>"; };
		5EC0954A74CA49C48DF857A5 = {isa = PBXFileReference; lastKnownFileType = sourcecode.swift; path = "StopSleepSessionUseCase.swift"; sourceTree = "<group>"; };
		AD90AD5562244932DE03BF0E = {isa = PBXFileReference; lastKnownFileType = sourcecode.swift; path = "SwitchMicrophoneUseCase.swift"; sourceTree = "<group>"; };
		1269FCFC464FA9A29B45A46E = {isa = PBXFileReference; lastKnownFileType = sourcecode.swift; path = "CoreMLModelProvider.swift"; sourceTree = "<group>"; };
		3AA53B6BB2A19D223177451A = {isa = PBXFileReference; lastKnownFileType = sourcecode.swift; path = "NoiseContextInferenceEngine.swift"; sourceTree = "<group>"; };
		934C323715DA0A7A4F1A3222 = {isa = PBXFileReference; lastKnownFileType = sourcecode.swift; path = "SleepStageInferenceEngine.swift"; sourceTree = "<group>"; };
		58747E0A3469C16DF1609429 = {isa = PBXFileReference; lastKnownFileType = sourcecode.swift; path = "YAMNetEmbeddingEngine.swift"; sourceTree = "<group>"; };
		23FD7DA3FFAF92C2175F9461 = {isa = PBXFileReference; lastKnownFileType = sourcecode.swift; path = "ConfidenceSmoother.swift"; sourceTree = "<group>"; };
		6C88D8C0CCE7C64E62B4435A = {isa = PBXFileReference; lastKnownFileType = sourcecode.swift; path = "HMMPostProcessor.swift"; sourceTree = "<group>"; };
		609D7C7D736C75864126B8D2 = {isa = PBXFileReference; lastKnownFileType = sourcecode.swift; path = "SleepCycleConstraintEngine.swift"; sourceTree = "<group>"; };
		DF61E8404BB59964F2E5F0E3 = {isa = PBXFileReference; lastKnownFileType = sourcecode.swift; path = "MLAutoRetrainer.swift"; sourceTree = "<group>"; };
		3C420E3FEB304391BF44BB7B = {isa = PBXFileReference; lastKnownFileType = sourcecode.swift; path = "DashboardView.swift"; sourceTree = "<group>"; };
		EC2B4CCCD2BC27884A735175 = {isa = PBXFileReference; lastKnownFileType = sourcecode.swift; path = "MenuBarView.swift"; sourceTree = "<group>"; };
		C30C5E8E87277A7BEE4FBD9F = {isa = PBXFileReference; lastKnownFileType = sourcecode.swift; path = "NoiseAnalysisView.swift"; sourceTree = "<group>"; };
		5F9001A8C24AA413302005D5 = {isa = PBXFileReference; lastKnownFileType = sourcecode.swift; path = "ProfileListView.swift"; sourceTree = "<group>"; };
		26F51C1AADE6FAB86EE58C2D = {isa = PBXFileReference; lastKnownFileType = sourcecode.swift; path = "AudioRecordingsView.swift"; sourceTree = "<group>"; };
		7290B19BE8B5443A8042DEB8 = {isa = PBXFileReference; lastKnownFileType = sourcecode.swift; path = "EventEditorView.swift"; sourceTree = "<group>"; };
		E9FB4EA52D13803E104FF848 = {isa = PBXFileReference; lastKnownFileType = sourcecode.swift; path = "MorningReportView.swift"; sourceTree = "<group>"; };
		45B6EF68CD2065F2730422D0 = {isa = PBXFileReference; lastKnownFileType = sourcecode.swift; path = "TrendsView.swift"; sourceTree = "<group>"; };
		B5DB5990131ED88A7182FE7A = {isa = PBXFileReference; lastKnownFileType = sourcecode.swift; path = "RoomManagementView.swift"; sourceTree = "<group>"; };
		E35AE04E9F765B44838133D1 = {isa = PBXFileReference; lastKnownFileType = sourcecode.swift; path = "LiveSessionView.swift"; sourceTree = "<group>"; };
		6015DF7BE19D56EC487BAEE7 = {isa = PBXFileReference; lastKnownFileType = sourcecode.swift; path = "CalibrationView.swift"; sourceTree = "<group>"; };
		22EADE926DF4B91BA6A1DCBC = {isa = PBXFileReference; lastKnownFileType = sourcecode.swift; path = "SettingsView.swift"; sourceTree = "<group>"; };
		8B1722E2995E252ECB9FA1D5 = {isa = PBXFileReference; lastKnownFileType = sourcecode.swift; path = "BreathingWaveView.swift"; sourceTree = "<group>"; };
		55278917623E661BC94B755E = {isa = PBXFileReference; lastKnownFileType = sourcecode.swift; path = "ConfidenceBadgeView.swift"; sourceTree = "<group>"; };
		3BCCAF7929D4AC2E9EB0EE41 = {isa = PBXFileReference; lastKnownFileType = sourcecode.swift; path = "EventTimelineView.swift"; sourceTree = "<group>"; };
		0727989814C08F552766FCE5 = {isa = PBXFileReference; lastKnownFileType = sourcecode.swift; path = "HypnogramChartView.swift"; sourceTree = "<group>"; };
		5D2FA4E79839E516E641E72A = {isa = PBXFileReference; lastKnownFileType = sourcecode.swift; path = "MetricCardView.swift"; sourceTree = "<group>"; };
		9469E08F652E3ECAF56CEC93 = {isa = PBXFileReference; lastKnownFileType = sourcecode.swift; path = "SleepScoreGaugeView.swift"; sourceTree = "<group>"; };
		AA7C0E181A1ACAA07473854F = {isa = PBXFileReference; lastKnownFileType = sourcecode.swift; path = "DurationFormatter.swift"; sourceTree = "<group>"; };
		72AA7CDE131FA18151B14AA7 = {isa = PBXFileReference; lastKnownFileType = sourcecode.swift; path = "SleepStageFormatter.swift"; sourceTree = "<group>"; };
		8835B9706C697A6537D0C200 = {isa = PBXFileReference; lastKnownFileType = sourcecode.swift; path = "AppColors.swift"; sourceTree = "<group>"; };
		692A3E6813D0ABC889A96D27 = {isa = PBXFileReference; lastKnownFileType = sourcecode.swift; path = "AppSpacing.swift"; sourceTree = "<group>"; };
		152BBB5DDEED96CE9B166D76 = {isa = PBXFileReference; lastKnownFileType = sourcecode.swift; path = "AppTypography.swift"; sourceTree = "<group>"; };
		1F100467E242E443B93ACD77 = {isa = PBXFileReference; lastKnownFileType = sourcecode.swift; path = "InsightEngine.swift"; sourceTree = "<group>"; };
		A3E296E8A8674A61BEDEDFE8 = {isa = PBXFileReference; lastKnownFileType = sourcecode.swift; path = "MorningReportGenerator.swift"; sourceTree = "<group>"; };
		52B01F404A741AC08306C921 = {isa = PBXFileReference; lastKnownFileType = sourcecode.swift; path = "SleepScoreCalculator.swift"; sourceTree = "<group>"; };
		6BE316A630C3697251FA83A8 = {isa = PBXFileReference; lastKnownFileType = sourcecode.swift; path = "TrendAggregator.swift"; sourceTree = "<group>"; };
		53739BE805EF8C5E3C750DE6 = {isa = PBXFileReference; lastKnownFileType = text.plist.xml; path = "FeatureFlags.plist"; sourceTree = "<group>"; };
		FE974CC9A40D9CBF38364D10 = {isa = PBXFileReference; lastKnownFileType = text.plist.strings; path = "InfoPlist.strings"; sourceTree = "<group>"; };
		0BE3D801D5E2461B22E6B2B6 = {isa = PBXFileReference; lastKnownFileType = text.plist.strings; path = "Localizable.strings"; sourceTree = "<group>"; };
		DBE6B34605649ADAC242882C = {isa = PBXFileReference; lastKnownFileType = text.plist.strings; path = "InfoPlist.strings"; sourceTree = "<group>"; };
		0AAAFC6CF978A335CC6C9205 = {isa = PBXFileReference; lastKnownFileType = text.plist.strings; path = "Localizable.strings"; sourceTree = "<group>"; };
		E3EEBD16098D3E7F20482DB9 = {isa = PBXFileReference; lastKnownFileType = text.plist.strings; path = "InfoPlist.strings"; sourceTree = "<group>"; };
		8FD92CE1ECCD2B456E33AA61 = {isa = PBXFileReference; lastKnownFileType = text.plist.strings; path = "Localizable.strings"; sourceTree = "<group>"; };
		F7B40909220981A3E8CA42FF = {isa = PBXFileReference; lastKnownFileType = sourcecode.c.h; path = "SleepAnalyser-Bridging-Header.h"; sourceTree = "<group>"; };
		09E9D59CCBB31F053DA2BF89 = {isa = PBXFileReference; lastKnownFileType = sourcecode.swift; path = "AppConstants.swift"; sourceTree = "<group>"; };
		4BEEFD6B9CAAC17105BACE74 = {isa = PBXFileReference; lastKnownFileType = sourcecode.swift; path = "Array+Stats.swift"; sourceTree = "<group>"; };
		E619F7E1A40785B485E8B234 = {isa = PBXFileReference; lastKnownFileType = sourcecode.swift; path = "Date+Sleep.swift"; sourceTree = "<group>"; };
		4A2458027908C835412B6F11 = {isa = PBXFileReference; lastKnownFileType = sourcecode.swift; path = "L10n.swift"; sourceTree = "<group>"; };
		CB32973FF6828BE27BC5AE1C = {isa = PBXFileReference; lastKnownFileType = sourcecode.swift; path = "LanguageManager.swift"; sourceTree = "<group>"; };
		67ECCD1906A7892F17D4F88D = {isa = PBXFileReference; lastKnownFileType = sourcecode.swift; path = "AudioPreprocessorTests.swift"; sourceTree = "<group>"; };
		4185F265BF49546D88EEFB7D = {isa = PBXFileReference; lastKnownFileType = sourcecode.swift; path = "RingBufferTests.swift"; sourceTree = "<group>"; };
		D3DD97ADCA3DF7395E8A458F = {isa = PBXFileReference; lastKnownFileType = sourcecode.swift; path = "SpectralFeatureExtractorTests.swift"; sourceTree = "<group>"; };
		0372A6B7EBDD543EB8BF6528 = {isa = PBXFileReference; lastKnownFileType = sourcecode.swift; path = "SleepScoreTests.swift"; sourceTree = "<group>"; };
		11BAC14423C6EEF53D9B5DFC = {isa = PBXFileReference; lastKnownFileType = sourcecode.swift; path = "SleepSessionTests.swift"; sourceTree = "<group>"; };
		F6A902266C5DEDBA332DEED7 = {isa = PBXFileReference; lastKnownFileType = sourcecode.swift; path = "SleepStageTests.swift"; sourceTree = "<group>"; };
		AD1B78F19A3AFAE706C7E976 = {isa = PBXFileReference; lastKnownFileType = sourcecode.swift; path = "StartSleepSessionUseCaseTests.swift"; sourceTree = "<group>"; };
		C92F374FCB1504FE87A73CDE = {isa = PBXFileReference; lastKnownFileType = sourcecode.swift; path = "StopSleepSessionUseCaseTests.swift"; sourceTree = "<group>"; };
		C7C28D7EBE63EE5ACA85D4D6 = {isa = PBXFileReference; lastKnownFileType = sourcecode.swift; path = "ConfidenceSmootherTests.swift"; sourceTree = "<group>"; };
		4F480F9F9913650316AE92DF = {isa = PBXFileReference; lastKnownFileType = sourcecode.swift; path = "HMMPostProcessorTests.swift"; sourceTree = "<group>"; };
		2B384C1094B9A68FB608EA80 = {isa = PBXFileReference; lastKnownFileType = sourcecode.swift; path = "SleepStageInferenceEngineTests.swift"; sourceTree = "<group>"; };
		AB775BB756A875E2E58F504F = {isa = PBXFileReference; lastKnownFileType = sourcecode.swift; path = "InsightEngineTests.swift"; sourceTree = "<group>"; };
		E5CE9548EED9B693298F06D9 = {isa = PBXFileReference; lastKnownFileType = sourcecode.swift; path = "SleepScoreCalculatorTests.swift"; sourceTree = "<group>"; };
		26543903C0EF18278978782E = {isa = PBXFileReference; lastKnownFileType = sourcecode.swift; path = "MockClock.swift"; sourceTree = "<group>"; };
		0554A5A297880D5CCC5B048F = {isa = PBXFileReference; lastKnownFileType = sourcecode.swift; path = "MockProfileRepository.swift"; sourceTree = "<group>"; };
		7F6B93D8C15088CF24A876D2 = {isa = PBXFileReference; lastKnownFileType = sourcecode.swift; path = "MockSessionRepository.swift"; sourceTree = "<group>"; };
		0E44E6696464499369DF7AFC = {isa = PBXFileReference; lastKnownFileType = sourcecode.swift; path = "TestAudioFixtures.swift"; sourceTree = "<group>"; };
		DA1C88A5832AA6AB8F1093D4 = {isa = PBXFileReference; lastKnownFileType = folder.assetcatalog; path = Assets.xcassets; sourceTree = "<group>"; };
		ECFDF5EE31FFA474A0A06375 = {isa = PBXFileReference; lastKnownFileType = folder; path = "SleepAnalyser/Resources/ML/SleepStageClassifier.mlmodelc"; sourceTree = SOURCE_ROOT; };
		542197BE2CA99D5F88C7E62C = {isa = PBXFileReference; lastKnownFileType = folder; path = "SleepAnalyser/Resources/ML/SnoreDetector.mlmodelc"; sourceTree = SOURCE_ROOT; };
		9EFC197353130C815DC6CE6B = {isa = PBXFileReference; lastKnownFileType = folder; path = "SleepAnalyser/Resources/ML/NoiseContextClassifier.mlmodelc"; sourceTree = SOURCE_ROOT; };
/* End PBXFileReference section */

/* Begin PBXFrameworksBuildPhase section */
		37869DC4DD373BDFD88B2613 = {isa = PBXFrameworksBuildPhase; buildActionMask = 2147483647; files = (); runOnlyForDeploymentPostprocessing = 0; };
		546FBEB9C816B52B56A1ECCD = {isa = PBXFrameworksBuildPhase; buildActionMask = 2147483647; files = (); runOnlyForDeploymentPostprocessing = 0; };
/* End PBXFrameworksBuildPhase section */

/* Begin PBXGroup section */
		B4E6DF54C7469AF0FB91F352 = {
			isa = PBXGroup;
			children = (0238BC1F72C105D1A0A6860D, 418BBF1DAB2CC45E3E1BB100, BF7A2D27A78D590BDEF15AF2, 448B690A40FD63CC72850FFB);
			sourceTree = "<group>";
		};
		BF7A2D27A78D590BDEF15AF2 = {
			isa = PBXGroup;
			children = (CE29BE284D8E7CDFA377A125, 009563950D464DFEFC18EBED);
			name = Products;
			sourceTree = "<group>";
		};
		0238BC1F72C105D1A0A6860D = {
			isa = PBXGroup;
			children = (
				75E6FA2F422E2A31794CF6DA,
				7C1B81EDEAA77613A0CC5EA5,
				6E8713D6061C3016ED856A07,
				054E7EC0E06C5810C3CD6B40,
				EF6A5F926DE3CABCF64ACB38,
				93A4E542157A2B1ECEBE332A,
				0D4E7C995ED98116DF421F45,
				15782DF1C262C35606101434,
				AE15F304FDE1D980870A4C8F,
				F7B40909220981A3E8CA42FF,
			);
			path = "SleepAnalyser";
			sourceTree = "<group>";
		};
		75E6FA2F422E2A31794CF6DA = {
			isa = PBXGroup;
			children = (D7A2ABB9B229A5301DE4926B, B4BCD56A69CCFCB094FD21B0);
			path = "App";
			sourceTree = "<group>";
		};
		7C1B81EDEAA77613A0CC5EA5 = {
			isa = PBXGroup;
			children = (
				DB0B683C81A97D55984B748D,
				D55158BA35DD7D943164396F,
				D196C202B8FE3CA93D2E67D3,
				2FDEC15082C402785C850A83,
				356AABD730A086E668D3F182,
				C8F9D9949E4D4D36C52DF9CB,
			);
			path = "Audio";
			sourceTree = "<group>";
		};
		DB0B683C81A97D55984B748D = {
			isa = PBXGroup;
			children = (
				BEDD7080C1B78EBE9ECBCFB9,
				A677535E2AE35784097B6622,
				3533E250DB53CC8E4F07D9FD,
				4C73DCE8B313EC5F89C4A52E,
			);
			path = "CSeparator";
			sourceTree = "<group>";
		};
		BEDD7080C1B78EBE9ECBCFB9 = {
			isa = PBXGroup;
			children = (A56C504FE6B614194C578D3D);
			path = "include";
			sourceTree = "<group>";
		};
		D55158BA35DD7D943164396F = {
			isa = PBXGroup;
			children = (9A1C65099C15F36DB6E76B0D, F685F1D11C5F8B7BA83AC035, 940672CD3228734428E350C2);
			path = "Capture";
			sourceTree = "<group>";
		};
		D196C202B8FE3CA93D2E67D3 = {
			isa = PBXGroup;
			children = (
				F222983AEF3612E748F99317,
				5712C5BE2C842801098F3BC8,
				57CD9F7317FD50A82DCF626D,
				35826758B56FECCFB12DD5DF,
				7EB0892C704DBD20D6C8F7DD,
				B91F60593B3D93336AEB9D94,
			);
			path = "DSP";
			sourceTree = "<group>";
		};
		2FDEC15082C402785C850A83 = {
			isa = PBXGroup;
			children = (
				957706B1502D4F9E2E95B630,
				5D384C17F7107D0EFE733198,
				E49CD9785D00E23BE27E4710,
				7FB029A168174E492902D89A,
			);
			path = "Detection";
			sourceTree = "<group>";
		};
		356AABD730A086E668D3F182 = {
			isa = PBXGroup;
			children = (FFD5F8111C8D826BCF4DCFBD, BAA58CE86252970F205AE819, 0F8A8D6D2431979C138C5810);
			path = "Pipeline";
			sourceTree = "<group>";
		};
		C8F9D9949E4D4D36C52DF9CB = {
			isa = PBXGroup;
			children = (793769AAD730A1719AE514EA, 3B8461338CCD999E7747BAE9, A06ACB84056AF6621EFBF917);
			path = "Recording";
			sourceTree = "<group>";
		};
		6E8713D6061C3016ED856A07 = {
			isa = PBXGroup;
			children = (
				39D96887D630C033D7F2B3F6,
				A8E9EBB4C2F89CD57DF9A7CF,
				C5CF0BCF8D23BBC6008AF65A,
				B6F7C2BA53F7193EE99C263F,
			);
			path = "Data";
			sourceTree = "<group>";
		};
		39D96887D630C033D7F2B3F6 = {
			isa = PBXGroup;
			children = (D3330DEE581E8F3D519EAF5A, 548DFC1CBFD78E53489219C6);
			path = "DTOs";
			sourceTree = "<group>";
		};
		A8E9EBB4C2F89CD57DF9A7CF = {
			isa = PBXGroup;
			children = (BAA4393ACD1EB3732B2F3413, 3FCF14DC441FC2E3A24348FA, D9079CA9996852AA988DD13D);
			path = "Mappers";
			sourceTree = "<group>";
		};
		C5CF0BCF8D23BBC6008AF65A = {
			isa = PBXGroup;
			children = (2E8B7E771ED3E0323EE0C155);
			path = "Persistence";
			sourceTree = "<group>";
		};
		2E8B7E771ED3E0323EE0C155 = {
			isa = PBXGroup;
			children = (796EF363AF2E9BE53D1FFBE5, F0CBDD11D6B74248EEA8F76D);
			path = "SwiftData";
			sourceTree = "<group>";
		};
		796EF363AF2E9BE53D1FFBE5 = {
			isa = PBXGroup;
			children = (
				0A3E51DDC2C04C188D80FF5F,
				5907FDE75F7E0C3C222E63DE,
				9D6669FB26633F3E5E9A3980,
				CA48FB5D03AA5F9E5577CADA,
				63F35835FD0032432D3E4FC1,
				2DFFFBB2653F2B662E98C33E,
				FC22A28C67DA716A730D0BB7,
			);
			path = "Entities";
			sourceTree = "<group>";
		};
		B6F7C2BA53F7193EE99C263F = {
			isa = PBXGroup;
			children = (
				9AE99C5A711BEC2CF2553C97,
				F4DEE3F3DE4D1DBED40239ED,
				BAC104B466A734FD7986A780,
				EA2C71A7736AA425E387159B,
			);
			path = "Repositories";
			sourceTree = "<group>";
		};
		054E7EC0E06C5810C3CD6B40 = {
			isa = PBXGroup;
			children = (
				BB74E200052CF41E22C03468,
				43B6598BB26A089430CAA265,
				97FFDCB10A52D2596B887F6E,
				9372FD2A2C7505AB2AB60647,
			);
			path = "Domain";
			sourceTree = "<group>";
		};
		BB74E200052CF41E22C03468 = {
			isa = PBXGroup;
			children = (
				406989EA27AE38819E467884,
				ED2B7F5435DEA4C92C8221A4,
				CF331818BA2CFAFA413FEDF2,
				2D580761DBE891BF9031519A,
				FFAB4F9838FA49A76E9434CA,
			);
			path = "Enums";
			sourceTree = "<group>";
		};
		43B6598BB26A089430CAA265 = {
			isa = PBXGroup;
			children = (
				063AC80CA38B1C8C65187188,
				E968383FFC6924C7BAFDD7D6,
				A4255778FD3F1D516AB06F4C,
				12BA18CFF5C94644BE4A133F,
				AB57A06E397E24B92514DF01,
				496A8531B8655EED753B4CE3,
				A0E7BB0DD1B1A03006A73CEC,
				7182642BFA2A6E7A3EF445B1,
				0298EA4ED80A3EB77F10D92A,
				F846D49D14D4668CB7CBDBE1,
				D41B0D2BD853C7719AD25629,
				49115B9B7B3E0141072F2D5A,
				F2EBE5AF06194BF640F0B42A,
				1FEDC247B8203D22C2216AC8,
				6E1E6D35EDBE4B4E6560BA5F,
				DFFC8F4C71F3874CCF8170C3,
				2A137391E98CCE50AA7A84F5,
			);
			path = "Models";
			sourceTree = "<group>";
		};
		97FFDCB10A52D2596B887F6E = {
			isa = PBXGroup;
			children = (
				B37FD20EAA1882A85341A449,
				9DA51F171F16C7EE7A43B730,
				2C586BCECC82EAD38172258F,
				046B6C71B2EC4B12CA944C7B,
				4994149C3CB4BA562BB1B758,
				98F4EA0A7954F00960970DA4,
				55FEC4FD0BAA6D97E28D5E33,
				6203C81B53FD289687169B93,
				96CCB4C62781512B0E65779F,
			);
			path = "Protocols";
			sourceTree = "<group>";
		};
		9372FD2A2C7505AB2AB60647 = {
			isa = PBXGroup;
			children = (
				F004B6FBB863E414E1AF65CE,
				CF700B7141425CD026E01282,
				B1EC9C0DE999A883C87E654F,
				F53EB5B82F139EFCE5DA6171,
				7A68E7B2EBD1EBC5B1618F05,
				5EC0954A74CA49C48DF857A5,
				AD90AD5562244932DE03BF0E,
			);
			path = "UseCases";
			sourceTree = "<group>";
		};
		EF6A5F926DE3CABCF64ACB38 = {
			isa = PBXGroup;
			children = (497170478C6722B3A067BD3E, 62608158A5C50D15F9437367, FAF00E625278A13BCA69DCCE);
			path = "ML";
			sourceTree = "<group>";
		};
		497170478C6722B3A067BD3E = {
			isa = PBXGroup;
			children = (
				1269FCFC464FA9A29B45A46E,
				3AA53B6BB2A19D223177451A,
				934C323715DA0A7A4F1A3222,
				58747E0A3469C16DF1609429,
			);
			path = "CoreML";
			sourceTree = "<group>";
		};
		62608158A5C50D15F9437367 = {
			isa = PBXGroup;
			children = (23FD7DA3FFAF92C2175F9461, 6C88D8C0CCE7C64E62B4435A, 609D7C7D736C75864126B8D2);
			path = "Temporal";
			sourceTree = "<group>";
		};
		FAF00E625278A13BCA69DCCE = {
			isa = PBXGroup;
			children = (DF61E8404BB59964F2E5F0E3);
			path = "Training";
			sourceTree = "<group>";
		};
		93A4E542157A2B1ECEBE332A = {
			isa = PBXGroup;
			children = (
				6F43DBEE0104C3609F9BD094,
				7F160EE719E66935C2C524D6,
				A7089C456C27E371AA7ADC53,
				EEBDB1C2863D07D86B9D1AAA,
				ACB5C9F63B8C0EF28D6D57FF,
				AD11562FFD94E4BA7137000F,
				6CDFDC57099A12B1021E6662,
				C4D5DAB8912265304C2390B8,
				D7D794053EDEF1F6F824E4F6,
				1AED4DDBCA45FA796A89A66C,
				BC119D04812D35811D44A65E,
			);
			path = "Presentation";
			sourceTree = "<group>";
		};
		6F43DBEE0104C3609F9BD094 = {
			isa = PBXGroup;
			children = (3C420E3FEB304391BF44BB7B);
			path = "Dashboard";
			sourceTree = "<group>";
		};
		7F160EE719E66935C2C524D6 = {
			isa = PBXGroup;
			children = (EC2B4CCCD2BC27884A735175);
			path = "MenuBar";
			sourceTree = "<group>";
		};
		A7089C456C27E371AA7ADC53 = {
			isa = PBXGroup;
			children = (C30C5E8E87277A7BEE4FBD9F);
			path = "NoiseAnalysis";
			sourceTree = "<group>";
		};
		EEBDB1C2863D07D86B9D1AAA = {
			isa = PBXGroup;
			children = (5F9001A8C24AA413302005D5);
			path = "Profiles";
			sourceTree = "<group>";
		};
		ACB5C9F63B8C0EF28D6D57FF = {
			isa = PBXGroup;
			children = (26F51C1AADE6FAB86EE58C2D, 7290B19BE8B5443A8042DEB8);
			path = "Recordings";
			sourceTree = "<group>";
		};
		AD11562FFD94E4BA7137000F = {
			isa = PBXGroup;
			children = (E9FB4EA52D13803E104FF848, 45B6EF68CD2065F2730422D0);
			path = "Reports";
			sourceTree = "<group>";
		};
		6CDFDC57099A12B1021E6662 = {
			isa = PBXGroup;
			children = (B5DB5990131ED88A7182FE7A);
			path = "Rooms";
			sourceTree = "<group>";
		};
		C4D5DAB8912265304C2390B8 = {
			isa = PBXGroup;
			children = (E35AE04E9F765B44838133D1);
			path = "Session";
			sourceTree = "<group>";
		};
		D7D794053EDEF1F6F824E4F6 = {
			isa = PBXGroup;
			children = (6015DF7BE19D56EC487BAEE7, 22EADE926DF4B91BA6A1DCBC);
			path = "Settings";
			sourceTree = "<group>";
		};
		1AED4DDBCA45FA796A89A66C = {
			isa = PBXGroup;
			children = (522F285C1EE533B05744DDDA, C44D784A761125AA8784DE95);
			path = "Shared";
			sourceTree = "<group>";
		};
		522F285C1EE533B05744DDDA = {
			isa = PBXGroup;
			children = (
				8B1722E2995E252ECB9FA1D5,
				55278917623E661BC94B755E,
				3BCCAF7929D4AC2E9EB0EE41,
				0727989814C08F552766FCE5,
				5D2FA4E79839E516E641E72A,
				9469E08F652E3ECAF56CEC93,
			);
			path = "Components";
			sourceTree = "<group>";
		};
		C44D784A761125AA8784DE95 = {
			isa = PBXGroup;
			children = (AA7C0E181A1ACAA07473854F, 72AA7CDE131FA18151B14AA7);
			path = "Formatting";
			sourceTree = "<group>";
		};
		BC119D04812D35811D44A65E = {
			isa = PBXGroup;
			children = (8835B9706C697A6537D0C200, 692A3E6813D0ABC889A96D27, 152BBB5DDEED96CE9B166D76);
			path = "Theme";
			sourceTree = "<group>";
		};
		0D4E7C995ED98116DF421F45 = {
			isa = PBXGroup;
			children = (
				1F100467E242E443B93ACD77,
				A3E296E8A8674A61BEDEDFE8,
				52B01F404A741AC08306C921,
				6BE316A630C3697251FA83A8,
			);
			path = "Reporting";
			sourceTree = "<group>";
		};
		15782DF1C262C35606101434 = {
			isa = PBXGroup;
			children = (
				7D716C01A04035AFBC342DE2,
				013D1C0E97CA48F2BB77A3F8,
				9E49BD3D47A34F05489255AF,
				D98BC1F4F8FFE49003E385F0,
				DA1C88A5832AA6AB8F1093D4,
			);
			path = "Resources";
			sourceTree = "<group>";
		};
		7D716C01A04035AFBC342DE2 = {
			isa = PBXGroup;
			children = (53739BE805EF8C5E3C750DE6);
			path = "Config";
			sourceTree = "<group>";
		};
		013D1C0E97CA48F2BB77A3F8 = {
			isa = PBXGroup;
			children = (FE974CC9A40D9CBF38364D10, 0BE3D801D5E2461B22E6B2B6);
			path = "en.lproj";
			sourceTree = "<group>";
		};
		9E49BD3D47A34F05489255AF = {
			isa = PBXGroup;
			children = (DBE6B34605649ADAC242882C, 0AAAFC6CF978A335CC6C9205);
			path = "zh-Hans.lproj";
			sourceTree = "<group>";
		};
		D98BC1F4F8FFE49003E385F0 = {
			isa = PBXGroup;
			children = (E3EEBD16098D3E7F20482DB9, 8FD92CE1ECCD2B456E33AA61);
			path = "zh-Hant.lproj";
			sourceTree = "<group>";
		};
		AE15F304FDE1D980870A4C8F = {
			isa = PBXGroup;
			children = (
				E313D1FE4A27F86EEE9BDA17,
				0709C1C5FCDE00E36E5C9CC9,
				4A2458027908C835412B6F11,
				CB32973FF6828BE27BC5AE1C,
			);
			path = "Utilities";
			sourceTree = "<group>";
		};
		E313D1FE4A27F86EEE9BDA17 = {
			isa = PBXGroup;
			children = (09E9D59CCBB31F053DA2BF89);
			path = "Constants";
			sourceTree = "<group>";
		};
		0709C1C5FCDE00E36E5C9CC9 = {
			isa = PBXGroup;
			children = (4BEEFD6B9CAAC17105BACE74, E619F7E1A40785B485E8B234);
			path = "Extensions";
			sourceTree = "<group>";
		};
		418BBF1DAB2CC45E3E1BB100 = {
			isa = PBXGroup;
			children = (
				EBC9B3398392BC276985DD64,
				70903E1A31ACFAEA2FB2122C,
				9036A806E5D2F9DA7A58A9EC,
				EB261DCF1C08D07A82985D2F,
				B754D4F08CDD53B71C159BAC,
			);
			path = "SleepAnalyserTests";
			sourceTree = "<group>";
		};
		EBC9B3398392BC276985DD64 = {
			isa = PBXGroup;
			children = (67ECCD1906A7892F17D4F88D, 4185F265BF49546D88EEFB7D, D3DD97ADCA3DF7395E8A458F);
			path = "AudioTests";
			sourceTree = "<group>";
		};
		70903E1A31ACFAEA2FB2122C = {
			isa = PBXGroup;
			children = (
				0372A6B7EBDD543EB8BF6528,
				11BAC14423C6EEF53D9B5DFC,
				F6A902266C5DEDBA332DEED7,
				AD1B78F19A3AFAE706C7E976,
				C92F374FCB1504FE87A73CDE,
			);
			path = "DomainTests";
			sourceTree = "<group>";
		};
		9036A806E5D2F9DA7A58A9EC = {
			isa = PBXGroup;
			children = (C7C28D7EBE63EE5ACA85D4D6, 4F480F9F9913650316AE92DF, 2B384C1094B9A68FB608EA80);
			path = "MLTests";
			sourceTree = "<group>";
		};
		EB261DCF1C08D07A82985D2F = {
			isa = PBXGroup;
			children = (AB775BB756A875E2E58F504F, E5CE9548EED9B693298F06D9);
			path = "ReportingTests";
			sourceTree = "<group>";
		};
		B754D4F08CDD53B71C159BAC = {
			isa = PBXGroup;
			children = (
				26543903C0EF18278978782E,
				0554A5A297880D5CCC5B048F,
				7F6B93D8C15088CF24A876D2,
				0E44E6696464499369DF7AFC,
			);
			path = "TestDoubles";
			sourceTree = "<group>";
		};
/* End PBXGroup section */

/* Begin PBXNativeTarget section */
		6439CF22188FA14BBD363342 = {
			isa = PBXNativeTarget;
			buildConfigurationList = CBCA6636ECD2A41707A99674;
			buildPhases = (4A559F4328B4DE1F7299E560, 37869DC4DD373BDFD88B2613, 57135DEEBA5CEFA8CA053F0B);
			buildRules = ();
			dependencies = ();
			name = SleepAnalyser;
			productName = SleepAnalyser;
			productReference = CE29BE284D8E7CDFA377A125;
			productType = "com.apple.product-type.application";
		};
		BA128F9D3C0D15FFB32AEEA8 = {
			isa = PBXNativeTarget;
			buildConfigurationList = 5FB07FFE4146CE2D6B3BAAA9;
			buildPhases = (AB5B943F37ADD35672E7F0C0, 546FBEB9C816B52B56A1ECCD);
			buildRules = ();
			dependencies = (0899665CB70B51364FD3EACC);
			name = SleepAnalyserTests;
			productName = SleepAnalyserTests;
			productReference = 009563950D464DFEFC18EBED;
			productType = "com.apple.product-type.bundle.unit-test";
		};
/* End PBXNativeTarget section */

/* Begin PBXProject section */
		46F86FAA6BBF9AC94A7E4595 = {
			isa = PBXProject;
			buildConfigurationList = 9FBFB9446C526B135AA18613;
			compatibilityVersion = "Xcode 14.0";
			developmentRegion = en;
			hasScannedForEncodings = 0;
			knownRegions = (en, "zh-Hans", "zh-Hant", Base);
			mainGroup = B4E6DF54C7469AF0FB91F352;
			productRefGroup = BF7A2D27A78D590BDEF15AF2;
			projectDirPath = "";
			projectRoot = "";
			targets = (6439CF22188FA14BBD363342, BA128F9D3C0D15FFB32AEEA8);
		};
/* End PBXProject section */

/* Begin PBXResourcesBuildPhase section */
		57135DEEBA5CEFA8CA053F0B = {
			isa = PBXResourcesBuildPhase;
			buildActionMask = 2147483647;
			files = (D634FB1F07406661AEA24569, 8C0934D2A524630007CFD67D, 19BB1BBB47E190BF27ED9697, 0CD764F490D33446C8149FBC, 1B2CC43746839990603636A6, 2EA5239180F77D4E130DFE98, D73F283FFB79A33B1E22C33F, 30871166680E52097765E99E, 70802DC999BBECB8BCC571B5, 5AE2C1A1FCB95CDCF4B83744, 0A37B9F997E2C5216DF31A51);
			runOnlyForDeploymentPostprocessing = 0;
		};
/* End PBXResourcesBuildPhase section */

/* Begin PBXSourcesBuildPhase section */
		4A559F4328B4DE1F7299E560 = {
			isa = PBXSourcesBuildPhase;
			buildActionMask = 2147483647;
			files = (
				8606E855FF730039076CDDFC,
				A49875EF487A92A2CEF47E48,
				FEEB1D566F42311B655A575D,
				51BB8FAAF3052DD9E91EBC93,
				EC23924697C8F7E9F8F94163,
				C9C6FD66C792EB34A3BFCFC4,
				44C4C13536F6E474D2E0C82B,
				D95AEC1356196726F15C834E,
				A152EE7F2F615D47FA5860BA,
				4D5389937DFFF3BD1C67B4BB,
				D4435EA9ECE555F30C5BF71D,
				489990898DAC6C0085DDDE0D,
				55DAF5C8C193C9C03F6F1A8E,
				20E2F8AE56085D1C524B1676,
				6DF7A7EF4AEE2663872A07C8,
				F250982F3D931A3553547CA3,
				A83CB97422910821C8EB2FDD,
				924397DDF452D82BFFF1006C,
				D8BF38E2451F97859A410BB7,
				D7935C63743319F78C540479,
				4CAE5E71AB247DAFCE3085A4,
				47101913D83863F72396B2FF,
				1803DC2BBE6742C8E0CD000C,
				6BA292A15E954C07817970C9,
				6F10FD0374A1639EDA2DE8FD,
				97B4B64BF89473405F33FD9C,
				FFC72BA09B423650DAB329BA,
				76C991FFCF5717B59F5E6053,
				0FAC11EB95A63717A6BC4A84,
				0606AE54C0473A6794D613CA,
				1687049685EA23DF5EE294E7,
				5C4A3C41170A5B86CF298559,
				ADD1E54E143EF09C6698E370,
				E77F20DF85F9B5BAE11E8643,
				14612205C2BD9741DC3F09C6,
				29B06731758AACD8C1362E80,
				A53592E0EF3E82755934EC54,
				187055CB46241AB7847C9B81,
				1F2B086BC272C58F0942A757,
				A9FEAD6D10735B07EA5775FE,
				49138DB0F96086DC775E5354,
				6CA7FF918428598F5619A539,
				BEC3F9A839113F93E9C7CE95,
				3967E1BDDB9D212682E67040,
				CD883814BAC63938C54A49F0,
				B6E176781AE9B2D6C7952769,
				3914FD7D7741DF29198E4F50,
				B965A435AB96E50A6FA64C4D,
				F2F2CEA34E9B9D28555B6344,
				5397ABDD81C8F789A15982E2,
				86E1D99718A3F02588362384,
				36C37EFFAB373E9FC2C4E1E3,
				1C635A8807C7D4F2BE538734,
				70C89921024B5C3B94C13525,
				EB711682B6BE63206494B8A6,
				3600A5013AD865D0E503639C,
				E51B038D52FF22937FB80705,
				705E292BF1A6AE09003BC0BB,
				5E383F84C8EC28C1DB8AAE25,
				D2D3A92C747255EF9A81386F,
				19B8C8AE2E109A4D2C4C7B92,
				ED63587D91F6EB3422CA3CFD,
				06B2C8E3006EFB462944AB44,
				40AC368DE8DD500D5233C62A,
				50B523998BDE8F012C6B5B83,
				86702802359F46507DD6D79F,
				A9B90CD902F252ABBA948858,
				52625B3A5562B0B7E59DA82B,
				CA0E494F01C3248715A423D1,
				EA0521AF13C65E760E3B8241,
				F6FB398F3437473ABB560CDA,
				F1D61C2271ADADE13A8F2310,
				51791FB6385756C76EABAE08,
				881B10D079B92C2F79D4DA54,
				F0FDB52E8DDFA06A0CFF4649,
				F705D6DD829424CBEC866119,
				8D3B9D91A4EF135FF106C467,
				45B5769023785956DC596298,
				9049D5C65793DEC8A3EB7DDC,
				75BA619018DAF2DA72A74D9F,
				B618005E968A6AD84C8000AF,
				DFBD2E86B86D3AAF23B8EF27,
				2A87866FF6D52A12485E5B63,
				C8D6EF6E8ECCAF88FBA6D046,
				D3710A8E8B9AF91531389B84,
				A2FFFC26484655CFD858169B,
				C4383DB1B69AC073C7544967,
				708D27ED098C3DEDAB5612B6,
				ACCF755F1B37FBFC1A909D67,
				B588202CED89B356604A7F5E,
				62715958867D3D4B1D21F506,
				4665ADEA6F325262972DB701,
				4125710DCF44C2B0893D80DE,
				E75D839B0A4ED5713094E702,
				16121BC22F55CE5B26C047A1,
				A431967D61C1F08546AAA4F0,
				C4240F4ED4165D058B08E2C4,
				80E89BE1D310BBF6E2342E0C,
				EB312833880C6946FA71EEDD,
				AE281054F2CC8BC0E5EF7A50,
				3DB4A7D6A08324EBF80DAD36,
				EE7210DC1805F6C0872BC939,
				D33F324E31E4D9D83BE4483E,
				FF28583061608E5504440760,
				634CE4FE840C554E20F7D277,
				AF3CF985745C608589D716AC,
				1068A10FC6B18DCDDE52F06E,
				8FA4A938BFDAA80DD6E2EC34,
				1AEDDD81D45AA1012A605A96,
				E2730F4B1E1D363E126A26A8,
				D5B4654F6BE4B772F23876A0,
				B9BFA339E2E88435929085BC,
				A2C0F08BF0EEE7D4EC85778A,
				22D2EA4B54B1A46B531D2DA3,
				3D5D979D4172E41389573D0D,
				C6ED60D4582989147594FBEE,
				7E72933C3545E359B6D0C066,
				157873082C4314596C51F67D,
			);
			runOnlyForDeploymentPostprocessing = 0;
		};
		AB5B943F37ADD35672E7F0C0 = {
			isa = PBXSourcesBuildPhase;
			buildActionMask = 2147483647;
			files = (
				98C18A11A40B0AE418AB3FB0,
				9886CA6FA576212DD9584517,
				EE43D85D800EBB783558BDCC,
				3FDE191548C55C8B9BD9D933,
				5757A461C8DFD6DDFADD96A6,
				73072086EE5B9C77B28C2FD6,
				321B76466915F5A16C7CB10C,
				3C87162F4F051B025E01DF55,
				8CEDEDFC0DD0F0A46CA61780,
				E691D6014644E8B9249599D9,
				37277DCE7188779F8DF2C998,
				27200705C9D717734D557537,
				A501DC0295F89031FD6A5F2B,
				726AA2573D7438F27357E170,
				8B100A4A6A08AE76750AB747,
				4B9A6C5A8DA86D173B211F37,
				06076A6DB9050C11EDF635D3,
			);
			runOnlyForDeploymentPostprocessing = 0;
		};
/* End PBXSourcesBuildPhase section */

/* Begin PBXTargetDependency section */
		0899665CB70B51364FD3EACC = {isa = PBXTargetDependency; target = 6439CF22188FA14BBD363342; targetProxy = 9BDA5DA8208C58773FE46CDB; };
/* End PBXTargetDependency section */

/* Begin XCBuildConfiguration section */
		C33178FB9E2FFA68E15EBD85 = {
			isa = XCBuildConfiguration;
			buildSettings = {
				ALWAYS_SEARCH_USER_PATHS = NO;
				CLANG_ENABLE_MODULES = YES;
				MACOSX_DEPLOYMENT_TARGET = 14.0;
				SWIFT_VERSION = 5.0;
				SDKROOT = macosx;
				SWIFT_ACTIVE_COMPILATION_CONDITIONS = "DEBUG";
				DEBUG_INFORMATION_FORMAT = dwarf;
				ONLY_ACTIVE_ARCH = YES;
				ENABLE_TESTABILITY = YES;
				SWIFT_OPTIMIZATION_LEVEL = "-Onone";
			};
			name = Debug;
		};
		540546482BF13AAB117506A6 = {
			isa = XCBuildConfiguration;
			buildSettings = {
				ALWAYS_SEARCH_USER_PATHS = NO;
				CLANG_ENABLE_MODULES = YES;
				MACOSX_DEPLOYMENT_TARGET = 14.0;
				SWIFT_VERSION = 5.0;
				SDKROOT = macosx;
				SWIFT_COMPILATION_MODE = wholemodule;
				DEBUG_INFORMATION_FORMAT = "dwarf-with-dsym";
			};
			name = Release;
		};
		B6672A7CAFF32B5AAD895E42 = {
			isa = XCBuildConfiguration;
			buildSettings = {
				PRODUCT_BUNDLE_IDENTIFIER = com.sleepanalyser.app;
				PRODUCT_NAME = "$(TARGET_NAME)";
				INFOPLIST_FILE = Info.plist;
				COMBINE_HIDPI_IMAGES = YES;
				CODE_SIGN_STYLE = Automatic;
				GENERATE_INFOPLIST_FILE = YES;
				ASSETCATALOG_COMPILER_APPICON_NAME = AppIcon;
				INFOPLIST_KEY_NSMicrophoneUsageDescription = "SleepAnalyser needs microphone access to analyze your breathing patterns during sleep.";
				INFOPLIST_KEY_NSMainStoryboardFile = "";
				INFOPLIST_KEY_LSApplicationCategoryType = "public.app-category.healthcare-fitness";
				SWIFT_OBJC_BRIDGING_HEADER = "SleepAnalyser/SleepAnalyser-Bridging-Header.h";
			};
			name = Debug;
		};
		3F973061B829CD18B8DC0697 = {
			isa = XCBuildConfiguration;
			buildSettings = {
				PRODUCT_BUNDLE_IDENTIFIER = com.sleepanalyser.app;
				PRODUCT_NAME = "$(TARGET_NAME)";
				INFOPLIST_FILE = Info.plist;
				COMBINE_HIDPI_IMAGES = YES;
				CODE_SIGN_STYLE = Automatic;
				GENERATE_INFOPLIST_FILE = YES;
				ASSETCATALOG_COMPILER_APPICON_NAME = AppIcon;
				INFOPLIST_KEY_NSMicrophoneUsageDescription = "SleepAnalyser needs microphone access to analyze your breathing patterns during sleep.";
				INFOPLIST_KEY_NSMainStoryboardFile = "";
				INFOPLIST_KEY_LSApplicationCategoryType = "public.app-category.healthcare-fitness";
				SWIFT_OBJC_BRIDGING_HEADER = "SleepAnalyser/SleepAnalyser-Bridging-Header.h";
			};
			name = Release;
		};
		484B7C5B47A7F1ADBEBBEBD0 = {
			isa = XCBuildConfiguration;
			buildSettings = {
				PRODUCT_BUNDLE_IDENTIFIER = com.sleepanalyser.tests;
				PRODUCT_NAME = "$(TARGET_NAME)";
				BUNDLE_LOADER = "$(TEST_HOST)";
				TEST_HOST = "$(BUILT_PRODUCTS_DIR)/SleepAnalyser.app/Contents/MacOS/SleepAnalyser";
				GENERATE_INFOPLIST_FILE = YES;
			};
			name = Debug;
		};
		8F099EA5D9C1C7C51ACBD1DD = {
			isa = XCBuildConfiguration;
			buildSettings = {
				PRODUCT_BUNDLE_IDENTIFIER = com.sleepanalyser.tests;
				PRODUCT_NAME = "$(TARGET_NAME)";
				BUNDLE_LOADER = "$(TEST_HOST)";
				TEST_HOST = "$(BUILT_PRODUCTS_DIR)/SleepAnalyser.app/Contents/MacOS/SleepAnalyser";
				GENERATE_INFOPLIST_FILE = YES;
			};
			name = Release;
		};
/* End XCBuildConfiguration section */

/* Begin XCConfigurationList section */
		9FBFB9446C526B135AA18613 = {
			isa = XCConfigurationList;
			buildConfigurations = (C33178FB9E2FFA68E15EBD85, 540546482BF13AAB117506A6);
			defaultConfigurationIsVisible = 0;
			defaultConfigurationName = Release;
		};
		CBCA6636ECD2A41707A99674 = {
			isa = XCConfigurationList;
			buildConfigurations = (B6672A7CAFF32B5AAD895E42, 3F973061B829CD18B8DC0697);
			defaultConfigurationIsVisible = 0;
			defaultConfigurationName = Release;
		};
		5FB07FFE4146CE2D6B3BAAA9 = {
			isa = XCConfigurationList;
			buildConfigurations = (484B7C5B47A7F1ADBEBBEBD0, 8F099EA5D9C1C7C51ACBD1DD);
			defaultConfigurationIsVisible = 0;
			defaultConfigurationName = Release;
		};
/* End XCConfigurationList section */

	};
	rootObject = 46F86FAA6BBF9AC94A7E4595;
}
